
Microsoft Visual Studio Solution File, Format Version 12.00
# Visual Studio 2012
Project("{FAE04EC0-301F-11D3-BF4B-00C04F79EFBC}") = "TBPP14200", "TBPP14200\TBPP14200.csproj", "{C66B8F43-866D-4779-9BC4-DDFE29A70385}"
	ProjectSection(ProjectDependencies) = postProject
		{6454511F-87C1-4893-B3CF-A58F0479D24C} = {6454511F-87C1-4893-B3CF-A58F0479D24C}
	EndProjectSection
EndProject
Project("{FAE04EC0-301F-11D3-BF4B-00C04F79EFBC}") = "08_MAA", "Module\MAAForm\08_MAA.csproj", "{E38DBDC4-F06E-45CD-961E-A97769577A74}"
	ProjectSection(ProjectDependencies) = postProject
		{6454511F-87C1-4893-B3CF-A58F0479D24C} = {6454511F-87C1-4893-B3CF-A58F0479D24C}
	EndProjectSection
EndProject
Project("{FAE04EC0-301F-11D3-BF4B-00C04F79EFBC}") = "CommonObj", "CommonObj\CommonObj.csproj", "{6454511F-87C1-4893-B3CF-A58F0479D24C}"
EndProject
Project("{FAE04EC0-301F-11D3-BF4B-00C04F79EFBC}") = "02_TRM(TransferModule)", "Module\TRM\02_TRM(TransferModule).csproj", "{D52CD559-7F4F-418D-98E0-1D81C8B4DB9F}"
EndProject
Project("{FAE04EC0-301F-11D3-BF4B-00C04F79EFBC}") = "03_CHM(ClamshellModule)", "Module\CHM\03_CHM(ClamshellModule).csproj", "{94A987FC-9F2E-4A40-BAA9-07CFF5EE6870}"
EndProject
Project("{FAE04EC0-301F-11D3-BF4B-00C04F79EFBC}") = "01_BSM(BoardStageModule)", "Module\BSM\01_BSM(BoardStageModule).csproj", "{1791ADE4-BFD7-4DFB-8BE3-9EDBAEAE17E6}"
EndProject
Project("{FAE04EC0-301F-11D3-BF4B-00C04F79EFBC}") = "04_HDT(BoardHead)", "Module\HDT\04_HDT(BoardHead).csproj", "{86B62AB4-B730-4A69-8D8D-2DB9D8591D5C}"
EndProject
Project("{FAE04EC0-301F-11D3-BF4B-00C04F79EFBC}") = "05_KSM(KitShuttleModule)", "Module\KSM\05_KSM(KitShuttleModule).csproj", "{BD7EEBD7-E34E-45FE-A6C7-797A7C3E9B25}"
EndProject
Project("{FAE04EC0-301F-11D3-BF4B-00C04F79EFBC}") = "06_BFM(BowlFeederModule)", "Module\BFM\06_BFM(BowlFeederModule).csproj", "{841DB167-9A39-4A2E-B0CE-07B32E7A57C6}"
EndProject
Project("{2150E333-8FDC-42A3-9474-1A3956D46DE8}") = "Module", "Module", "{FE96F2D9-86BD-49E6-8201-51C93F159B9D}"
EndProject
Project("{2150E333-8FDC-42A3-9474-1A3956D46DE8}") = "PaeLib", "PaeLib", "{CA1701C3-73D2-4EDD-971B-6F8E6C5E6DEF}"
EndProject
Project("{FAE04EC0-301F-11D3-BF4B-00C04F79EFBC}") = "PaeLibProVSDKEx(v1.5)", "PaeLib\PaeLibProVSDKEx\PaeLibProVSDKEx(v1.5).csproj", "{820CA3C7-9F27-4912-93BB-C3BEEE9C6EF0}"
EndProject
Project("{FAE04EC0-301F-11D3-BF4B-00C04F79EFBC}") = "PaeLibGeneral", "PaeLib\PaeLibGeneral\PaeLibGeneral.csproj", "{B9624DC5-82DD-4802-8607-C663A1955E24}"
EndProject
Project("{FAE04EC0-301F-11D3-BF4B-00C04F79EFBC}") = "PaeLibComponent(v1.2)", "PaeLib\PaeLibComponent\PaeLibComponent(v1.2).csproj", "{82D5FA0C-8101-4E21-AB45-3E4E95FE25CB}"
EndProject
Project("{FAE04EC0-301F-11D3-BF4B-00C04F79EFBC}") = "07_CSM(CassetteModule)", "Module\CSM\07_CSM(CassetteModule).csproj", "{794383CF-0523-469F-82FC-0EDBE3F9FCD4}"
EndProject
Project("{FAE04EC0-301F-11D3-BF4B-00C04F79EFBC}") = "PaeLibVTrayModule", "PaeLib\PaeLibBasicModules\PaeLibVTrayModule\PaeLibVTrayModule.csproj", "{88B69A08-95E4-4F87-9600-5824B22D3C06}"
EndProject
Global
	GlobalSection(SolutionConfigurationPlatforms) = preSolution
		Debug|Any CPU = Debug|Any CPU
		Debug|Mixed Platforms = Debug|Mixed Platforms
		Debug|x64 = Debug|x64
		Debug|x86 = Debug|x86
		Release|Any CPU = Release|Any CPU
		Release|Mixed Platforms = Release|Mixed Platforms
		Release|x64 = Release|x64
		Release|x86 = Release|x86
	EndGlobalSection
	GlobalSection(ProjectConfigurationPlatforms) = postSolution
		{C66B8F43-866D-4779-9BC4-DDFE29A70385}.Debug|Any CPU.ActiveCfg = Debug|Any CPU
		{C66B8F43-866D-4779-9BC4-DDFE29A70385}.Debug|Any CPU.Build.0 = Debug|Any CPU
		{C66B8F43-866D-4779-9BC4-DDFE29A70385}.Debug|Mixed Platforms.ActiveCfg = Debug|x86
		{C66B8F43-866D-4779-9BC4-DDFE29A70385}.Debug|Mixed Platforms.Build.0 = Debug|x86
		{C66B8F43-866D-4779-9BC4-DDFE29A70385}.Debug|x64.ActiveCfg = Debug|Any CPU
		{C66B8F43-866D-4779-9BC4-DDFE29A70385}.Debug|x86.ActiveCfg = Debug|x86
		{C66B8F43-866D-4779-9BC4-DDFE29A70385}.Debug|x86.Build.0 = Debug|x86
		{C66B8F43-866D-4779-9BC4-DDFE29A70385}.Release|Any CPU.ActiveCfg = Release|Any CPU
		{C66B8F43-866D-4779-9BC4-DDFE29A70385}.Release|Any CPU.Build.0 = Release|Any CPU
		{C66B8F43-866D-4779-9BC4-DDFE29A70385}.Release|Mixed Platforms.ActiveCfg = Release|x86
		{C66B8F43-866D-4779-9BC4-DDFE29A70385}.Release|Mixed Platforms.Build.0 = Release|x86
		{C66B8F43-866D-4779-9BC4-DDFE29A70385}.Release|x64.ActiveCfg = Release|Any CPU
		{C66B8F43-866D-4779-9BC4-DDFE29A70385}.Release|x86.ActiveCfg = Release|x86
		{C66B8F43-866D-4779-9BC4-DDFE29A70385}.Release|x86.Build.0 = Release|x86
		{E38DBDC4-F06E-45CD-961E-A97769577A74}.Debug|Any CPU.ActiveCfg = Debug|Any CPU
		{E38DBDC4-F06E-45CD-961E-A97769577A74}.Debug|Any CPU.Build.0 = Debug|Any CPU
		{E38DBDC4-F06E-45CD-961E-A97769577A74}.Debug|Mixed Platforms.ActiveCfg = Debug|x86
		{E38DBDC4-F06E-45CD-961E-A97769577A74}.Debug|Mixed Platforms.Build.0 = Debug|x86
		{E38DBDC4-F06E-45CD-961E-A97769577A74}.Debug|x64.ActiveCfg = Debug|Any CPU
		{E38DBDC4-F06E-45CD-961E-A97769577A74}.Debug|x86.ActiveCfg = Debug|x86
		{E38DBDC4-F06E-45CD-961E-A97769577A74}.Debug|x86.Build.0 = Debug|x86
		{E38DBDC4-F06E-45CD-961E-A97769577A74}.Release|Any CPU.ActiveCfg = Release|Any CPU
		{E38DBDC4-F06E-45CD-961E-A97769577A74}.Release|Any CPU.Build.0 = Release|Any CPU
		{E38DBDC4-F06E-45CD-961E-A97769577A74}.Release|Mixed Platforms.ActiveCfg = Release|Any CPU
		{E38DBDC4-F06E-45CD-961E-A97769577A74}.Release|Mixed Platforms.Build.0 = Release|Any CPU
		{E38DBDC4-F06E-45CD-961E-A97769577A74}.Release|x64.ActiveCfg = Release|Any CPU
		{E38DBDC4-F06E-45CD-961E-A97769577A74}.Release|x86.ActiveCfg = Release|Any CPU
		{6454511F-87C1-4893-B3CF-A58F0479D24C}.Debug|Any CPU.ActiveCfg = Debug|Any CPU
		{6454511F-87C1-4893-B3CF-A58F0479D24C}.Debug|Any CPU.Build.0 = Debug|Any CPU
		{6454511F-87C1-4893-B3CF-A58F0479D24C}.Debug|Mixed Platforms.ActiveCfg = Debug|x86
		{6454511F-87C1-4893-B3CF-A58F0479D24C}.Debug|Mixed Platforms.Build.0 = Debug|x86
		{6454511F-87C1-4893-B3CF-A58F0479D24C}.Debug|x64.ActiveCfg = Debug|Any CPU
		{6454511F-87C1-4893-B3CF-A58F0479D24C}.Debug|x86.ActiveCfg = Debug|x86
		{6454511F-87C1-4893-B3CF-A58F0479D24C}.Release|Any CPU.ActiveCfg = Release|Any CPU
		{6454511F-87C1-4893-B3CF-A58F0479D24C}.Release|Any CPU.Build.0 = Release|Any CPU
		{6454511F-87C1-4893-B3CF-A58F0479D24C}.Release|Mixed Platforms.ActiveCfg = Release|x86
		{6454511F-87C1-4893-B3CF-A58F0479D24C}.Release|Mixed Platforms.Build.0 = Release|x86
		{6454511F-87C1-4893-B3CF-A58F0479D24C}.Release|x64.ActiveCfg = Release|Any CPU
		{6454511F-87C1-4893-B3CF-A58F0479D24C}.Release|x86.ActiveCfg = Release|x86
		{6454511F-87C1-4893-B3CF-A58F0479D24C}.Release|x86.Build.0 = Release|x86
		{D52CD559-7F4F-418D-98E0-1D81C8B4DB9F}.Debug|Any CPU.ActiveCfg = Debug|Any CPU
		{D52CD559-7F4F-418D-98E0-1D81C8B4DB9F}.Debug|Any CPU.Build.0 = Debug|Any CPU
		{D52CD559-7F4F-418D-98E0-1D81C8B4DB9F}.Debug|Mixed Platforms.ActiveCfg = Debug|x86
		{D52CD559-7F4F-418D-98E0-1D81C8B4DB9F}.Debug|Mixed Platforms.Build.0 = Debug|x86
		{D52CD559-7F4F-418D-98E0-1D81C8B4DB9F}.Debug|x64.ActiveCfg = Debug|Any CPU
		{D52CD559-7F4F-418D-98E0-1D81C8B4DB9F}.Debug|x86.ActiveCfg = Debug|x86
		{D52CD559-7F4F-418D-98E0-1D81C8B4DB9F}.Debug|x86.Build.0 = Debug|x86
		{D52CD559-7F4F-418D-98E0-1D81C8B4DB9F}.Release|Any CPU.ActiveCfg = Release|Any CPU
		{D52CD559-7F4F-418D-98E0-1D81C8B4DB9F}.Release|Any CPU.Build.0 = Release|Any CPU
		{D52CD559-7F4F-418D-98E0-1D81C8B4DB9F}.Release|Mixed Platforms.ActiveCfg = Release|x86
		{D52CD559-7F4F-418D-98E0-1D81C8B4DB9F}.Release|Mixed Platforms.Build.0 = Release|x86
		{D52CD559-7F4F-418D-98E0-1D81C8B4DB9F}.Release|x64.ActiveCfg = Release|Any CPU
		{D52CD559-7F4F-418D-98E0-1D81C8B4DB9F}.Release|x86.ActiveCfg = Release|x86
		{D52CD559-7F4F-418D-98E0-1D81C8B4DB9F}.Release|x86.Build.0 = Release|x86
		{94A987FC-9F2E-4A40-BAA9-07CFF5EE6870}.Debug|Any CPU.ActiveCfg = Debug|Any CPU
		{94A987FC-9F2E-4A40-BAA9-07CFF5EE6870}.Debug|Any CPU.Build.0 = Debug|Any CPU
		{94A987FC-9F2E-4A40-BAA9-07CFF5EE6870}.Debug|Mixed Platforms.ActiveCfg = Debug|x86
		{94A987FC-9F2E-4A40-BAA9-07CFF5EE6870}.Debug|Mixed Platforms.Build.0 = Debug|x86
		{94A987FC-9F2E-4A40-BAA9-07CFF5EE6870}.Debug|x64.ActiveCfg = Debug|Any CPU
		{94A987FC-9F2E-4A40-BAA9-07CFF5EE6870}.Debug|x86.ActiveCfg = Debug|x86
		{94A987FC-9F2E-4A40-BAA9-07CFF5EE6870}.Debug|x86.Build.0 = Debug|x86
		{94A987FC-9F2E-4A40-BAA9-07CFF5EE6870}.Release|Any CPU.ActiveCfg = Release|Any CPU
		{94A987FC-9F2E-4A40-BAA9-07CFF5EE6870}.Release|Any CPU.Build.0 = Release|Any CPU
		{94A987FC-9F2E-4A40-BAA9-07CFF5EE6870}.Release|Mixed Platforms.ActiveCfg = Release|x86
		{94A987FC-9F2E-4A40-BAA9-07CFF5EE6870}.Release|Mixed Platforms.Build.0 = Release|x86
		{94A987FC-9F2E-4A40-BAA9-07CFF5EE6870}.Release|x64.ActiveCfg = Release|Any CPU
		{94A987FC-9F2E-4A40-BAA9-07CFF5EE6870}.Release|x86.ActiveCfg = Release|x86
		{94A987FC-9F2E-4A40-BAA9-07CFF5EE6870}.Release|x86.Build.0 = Release|x86
		{1791ADE4-BFD7-4DFB-8BE3-9EDBAEAE17E6}.Debug|Any CPU.ActiveCfg = Debug|Any CPU
		{1791ADE4-BFD7-4DFB-8BE3-9EDBAEAE17E6}.Debug|Any CPU.Build.0 = Debug|Any CPU
		{1791ADE4-BFD7-4DFB-8BE3-9EDBAEAE17E6}.Debug|Mixed Platforms.ActiveCfg = Debug|x86
		{1791ADE4-BFD7-4DFB-8BE3-9EDBAEAE17E6}.Debug|Mixed Platforms.Build.0 = Debug|x86
		{1791ADE4-BFD7-4DFB-8BE3-9EDBAEAE17E6}.Debug|x64.ActiveCfg = Debug|Any CPU
		{1791ADE4-BFD7-4DFB-8BE3-9EDBAEAE17E6}.Debug|x86.ActiveCfg = Debug|x86
		{1791ADE4-BFD7-4DFB-8BE3-9EDBAEAE17E6}.Debug|x86.Build.0 = Debug|x86
		{1791ADE4-BFD7-4DFB-8BE3-9EDBAEAE17E6}.Release|Any CPU.ActiveCfg = Release|Any CPU
		{1791ADE4-BFD7-4DFB-8BE3-9EDBAEAE17E6}.Release|Any CPU.Build.0 = Release|Any CPU
		{1791ADE4-BFD7-4DFB-8BE3-9EDBAEAE17E6}.Release|Mixed Platforms.ActiveCfg = Release|x86
		{1791ADE4-BFD7-4DFB-8BE3-9EDBAEAE17E6}.Release|Mixed Platforms.Build.0 = Release|x86
		{1791ADE4-BFD7-4DFB-8BE3-9EDBAEAE17E6}.Release|x64.ActiveCfg = Release|Any CPU
		{1791ADE4-BFD7-4DFB-8BE3-9EDBAEAE17E6}.Release|x86.ActiveCfg = Release|x86
		{1791ADE4-BFD7-4DFB-8BE3-9EDBAEAE17E6}.Release|x86.Build.0 = Release|x86
		{86B62AB4-B730-4A69-8D8D-2DB9D8591D5C}.Debug|Any CPU.ActiveCfg = Debug|Any CPU
		{86B62AB4-B730-4A69-8D8D-2DB9D8591D5C}.Debug|Any CPU.Build.0 = Debug|Any CPU
		{86B62AB4-B730-4A69-8D8D-2DB9D8591D5C}.Debug|Mixed Platforms.ActiveCfg = Debug|x86
		{86B62AB4-B730-4A69-8D8D-2DB9D8591D5C}.Debug|Mixed Platforms.Build.0 = Debug|x86
		{86B62AB4-B730-4A69-8D8D-2DB9D8591D5C}.Debug|x64.ActiveCfg = Debug|Any CPU
		{86B62AB4-B730-4A69-8D8D-2DB9D8591D5C}.Debug|x86.ActiveCfg = Debug|x86
		{86B62AB4-B730-4A69-8D8D-2DB9D8591D5C}.Debug|x86.Build.0 = Debug|x86
		{86B62AB4-B730-4A69-8D8D-2DB9D8591D5C}.Release|Any CPU.ActiveCfg = Release|Any CPU
		{86B62AB4-B730-4A69-8D8D-2DB9D8591D5C}.Release|Any CPU.Build.0 = Release|Any CPU
		{86B62AB4-B730-4A69-8D8D-2DB9D8591D5C}.Release|Mixed Platforms.ActiveCfg = Release|x86
		{86B62AB4-B730-4A69-8D8D-2DB9D8591D5C}.Release|Mixed Platforms.Build.0 = Release|x86
		{86B62AB4-B730-4A69-8D8D-2DB9D8591D5C}.Release|x64.ActiveCfg = Release|Any CPU
		{86B62AB4-B730-4A69-8D8D-2DB9D8591D5C}.Release|x86.ActiveCfg = Release|x86
		{86B62AB4-B730-4A69-8D8D-2DB9D8591D5C}.Release|x86.Build.0 = Release|x86
		{BD7EEBD7-E34E-45FE-A6C7-797A7C3E9B25}.Debug|Any CPU.ActiveCfg = Debug|Any CPU
		{BD7EEBD7-E34E-45FE-A6C7-797A7C3E9B25}.Debug|Any CPU.Build.0 = Debug|Any CPU
		{BD7EEBD7-E34E-45FE-A6C7-797A7C3E9B25}.Debug|Mixed Platforms.ActiveCfg = Debug|x86
		{BD7EEBD7-E34E-45FE-A6C7-797A7C3E9B25}.Debug|Mixed Platforms.Build.0 = Debug|x86
		{BD7EEBD7-E34E-45FE-A6C7-797A7C3E9B25}.Debug|x64.ActiveCfg = Debug|Any CPU
		{BD7EEBD7-E34E-45FE-A6C7-797A7C3E9B25}.Debug|x86.ActiveCfg = Debug|x86
		{BD7EEBD7-E34E-45FE-A6C7-797A7C3E9B25}.Debug|x86.Build.0 = Debug|x86
		{BD7EEBD7-E34E-45FE-A6C7-797A7C3E9B25}.Release|Any CPU.ActiveCfg = Release|Any CPU
		{BD7EEBD7-E34E-45FE-A6C7-797A7C3E9B25}.Release|Any CPU.Build.0 = Release|Any CPU
		{BD7EEBD7-E34E-45FE-A6C7-797A7C3E9B25}.Release|Mixed Platforms.ActiveCfg = Release|x86
		{BD7EEBD7-E34E-45FE-A6C7-797A7C3E9B25}.Release|Mixed Platforms.Build.0 = Release|x86
		{BD7EEBD7-E34E-45FE-A6C7-797A7C3E9B25}.Release|x64.ActiveCfg = Release|Any CPU
		{BD7EEBD7-E34E-45FE-A6C7-797A7C3E9B25}.Release|x86.ActiveCfg = Release|x86
		{BD7EEBD7-E34E-45FE-A6C7-797A7C3E9B25}.Release|x86.Build.0 = Release|x86
		{841DB167-9A39-4A2E-B0CE-07B32E7A57C6}.Debug|Any CPU.ActiveCfg = Debug|Any CPU
		{841DB167-9A39-4A2E-B0CE-07B32E7A57C6}.Debug|Any CPU.Build.0 = Debug|Any CPU
		{841DB167-9A39-4A2E-B0CE-07B32E7A57C6}.Debug|Mixed Platforms.ActiveCfg = Debug|x86
		{841DB167-9A39-4A2E-B0CE-07B32E7A57C6}.Debug|Mixed Platforms.Build.0 = Debug|x86
		{841DB167-9A39-4A2E-B0CE-07B32E7A57C6}.Debug|x64.ActiveCfg = Debug|Any CPU
		{841DB167-9A39-4A2E-B0CE-07B32E7A57C6}.Debug|x86.ActiveCfg = Debug|x86
		{841DB167-9A39-4A2E-B0CE-07B32E7A57C6}.Debug|x86.Build.0 = Debug|x86
		{841DB167-9A39-4A2E-B0CE-07B32E7A57C6}.Release|Any CPU.ActiveCfg = Release|Any CPU
		{841DB167-9A39-4A2E-B0CE-07B32E7A57C6}.Release|Any CPU.Build.0 = Release|Any CPU
		{841DB167-9A39-4A2E-B0CE-07B32E7A57C6}.Release|Mixed Platforms.ActiveCfg = Release|x86
		{841DB167-9A39-4A2E-B0CE-07B32E7A57C6}.Release|Mixed Platforms.Build.0 = Release|x86
		{841DB167-9A39-4A2E-B0CE-07B32E7A57C6}.Release|x64.ActiveCfg = Release|Any CPU
		{841DB167-9A39-4A2E-B0CE-07B32E7A57C6}.Release|x86.ActiveCfg = Release|x86
		{841DB167-9A39-4A2E-B0CE-07B32E7A57C6}.Release|x86.Build.0 = Release|x86
		{820CA3C7-9F27-4912-93BB-C3BEEE9C6EF0}.Debug|Any CPU.ActiveCfg = Debug|Any CPU
		{820CA3C7-9F27-4912-93BB-C3BEEE9C6EF0}.Debug|Any CPU.Build.0 = Debug|Any CPU
		{820CA3C7-9F27-4912-93BB-C3BEEE9C6EF0}.Debug|Mixed Platforms.ActiveCfg = Debug|Any CPU
		{820CA3C7-9F27-4912-93BB-C3BEEE9C6EF0}.Debug|Mixed Platforms.Build.0 = Debug|Any CPU
		{820CA3C7-9F27-4912-93BB-C3BEEE9C6EF0}.Debug|x64.ActiveCfg = Debug|Any CPU
		{820CA3C7-9F27-4912-93BB-C3BEEE9C6EF0}.Debug|x86.ActiveCfg = Debug|Any CPU
		{820CA3C7-9F27-4912-93BB-C3BEEE9C6EF0}.Release|Any CPU.ActiveCfg = Release|Any CPU
		{820CA3C7-9F27-4912-93BB-C3BEEE9C6EF0}.Release|Any CPU.Build.0 = Release|Any CPU
		{820CA3C7-9F27-4912-93BB-C3BEEE9C6EF0}.Release|Mixed Platforms.ActiveCfg = Release|Any CPU
		{820CA3C7-9F27-4912-93BB-C3BEEE9C6EF0}.Release|Mixed Platforms.Build.0 = Release|Any CPU
		{820CA3C7-9F27-4912-93BB-C3BEEE9C6EF0}.Release|x64.ActiveCfg = Release|Any CPU
		{820CA3C7-9F27-4912-93BB-C3BEEE9C6EF0}.Release|x86.ActiveCfg = Release|Any CPU
		{B9624DC5-82DD-4802-8607-C663A1955E24}.Debug|Any CPU.ActiveCfg = Debug|Any CPU
		{B9624DC5-82DD-4802-8607-C663A1955E24}.Debug|Any CPU.Build.0 = Debug|Any CPU
		{B9624DC5-82DD-4802-8607-C663A1955E24}.Debug|Mixed Platforms.ActiveCfg = Debug|Any CPU
		{B9624DC5-82DD-4802-8607-C663A1955E24}.Debug|Mixed Platforms.Build.0 = Debug|Any CPU
		{B9624DC5-82DD-4802-8607-C663A1955E24}.Debug|x64.ActiveCfg = Debug|Any CPU
		{B9624DC5-82DD-4802-8607-C663A1955E24}.Debug|x86.ActiveCfg = Debug|Any CPU
		{B9624DC5-82DD-4802-8607-C663A1955E24}.Release|Any CPU.ActiveCfg = Release|Any CPU
		{B9624DC5-82DD-4802-8607-C663A1955E24}.Release|Any CPU.Build.0 = Release|Any CPU
		{B9624DC5-82DD-4802-8607-C663A1955E24}.Release|Mixed Platforms.ActiveCfg = Release|Any CPU
		{B9624DC5-82DD-4802-8607-C663A1955E24}.Release|Mixed Platforms.Build.0 = Release|Any CPU
		{B9624DC5-82DD-4802-8607-C663A1955E24}.Release|x64.ActiveCfg = Release|Any CPU
		{B9624DC5-82DD-4802-8607-C663A1955E24}.Release|x86.ActiveCfg = Release|Any CPU
		{82D5FA0C-8101-4E21-AB45-3E4E95FE25CB}.Debug|Any CPU.ActiveCfg = Debug|Any CPU
		{82D5FA0C-8101-4E21-AB45-3E4E95FE25CB}.Debug|Any CPU.Build.0 = Debug|Any CPU
		{82D5FA0C-8101-4E21-AB45-3E4E95FE25CB}.Debug|Mixed Platforms.ActiveCfg = Debug|Any CPU
		{82D5FA0C-8101-4E21-AB45-3E4E95FE25CB}.Debug|Mixed Platforms.Build.0 = Debug|Any CPU
		{82D5FA0C-8101-4E21-AB45-3E4E95FE25CB}.Debug|x64.ActiveCfg = Debug|Any CPU
		{82D5FA0C-8101-4E21-AB45-3E4E95FE25CB}.Debug|x86.ActiveCfg = Debug|Any CPU
		{82D5FA0C-8101-4E21-AB45-3E4E95FE25CB}.Release|Any CPU.ActiveCfg = Release|Any CPU
		{82D5FA0C-8101-4E21-AB45-3E4E95FE25CB}.Release|Any CPU.Build.0 = Release|Any CPU
		{82D5FA0C-8101-4E21-AB45-3E4E95FE25CB}.Release|Mixed Platforms.ActiveCfg = Release|Any CPU
		{82D5FA0C-8101-4E21-AB45-3E4E95FE25CB}.Release|Mixed Platforms.Build.0 = Release|Any CPU
		{82D5FA0C-8101-4E21-AB45-3E4E95FE25CB}.Release|x64.ActiveCfg = Release|Any CPU
		{82D5FA0C-8101-4E21-AB45-3E4E95FE25CB}.Release|x86.ActiveCfg = Release|Any CPU
		{794383CF-0523-469F-82FC-0EDBE3F9FCD4}.Debug|Any CPU.ActiveCfg = Debug|Any CPU
		{794383CF-0523-469F-82FC-0EDBE3F9FCD4}.Debug|Any CPU.Build.0 = Debug|Any CPU
		{794383CF-0523-469F-82FC-0EDBE3F9FCD4}.Debug|Mixed Platforms.ActiveCfg = Debug|x86
		{794383CF-0523-469F-82FC-0EDBE3F9FCD4}.Debug|Mixed Platforms.Build.0 = Debug|x86
		{794383CF-0523-469F-82FC-0EDBE3F9FCD4}.Debug|x64.ActiveCfg = Debug|Any CPU
		{794383CF-0523-469F-82FC-0EDBE3F9FCD4}.Debug|x86.ActiveCfg = Debug|x86
		{794383CF-0523-469F-82FC-0EDBE3F9FCD4}.Debug|x86.Build.0 = Debug|x86
		{794383CF-0523-469F-82FC-0EDBE3F9FCD4}.Release|Any CPU.ActiveCfg = Release|Any CPU
		{794383CF-0523-469F-82FC-0EDBE3F9FCD4}.Release|Any CPU.Build.0 = Release|Any CPU
		{794383CF-0523-469F-82FC-0EDBE3F9FCD4}.Release|Mixed Platforms.ActiveCfg = Release|x86
		{794383CF-0523-469F-82FC-0EDBE3F9FCD4}.Release|Mixed Platforms.Build.0 = Release|x86
		{794383CF-0523-469F-82FC-0EDBE3F9FCD4}.Release|x64.ActiveCfg = Release|Any CPU
		{794383CF-0523-469F-82FC-0EDBE3F9FCD4}.Release|x86.ActiveCfg = Release|x86
		{794383CF-0523-469F-82FC-0EDBE3F9FCD4}.Release|x86.Build.0 = Release|x86
		{88B69A08-95E4-4F87-9600-5824B22D3C06}.Debug|Any CPU.ActiveCfg = Debug|Any CPU
		{88B69A08-95E4-4F87-9600-5824B22D3C06}.Debug|Any CPU.Build.0 = Debug|Any CPU
		{88B69A08-95E4-4F87-9600-5824B22D3C06}.Debug|Mixed Platforms.ActiveCfg = Debug|Any CPU
		{88B69A08-95E4-4F87-9600-5824B22D3C06}.Debug|Mixed Platforms.Build.0 = Debug|Any CPU
		{88B69A08-95E4-4F87-9600-5824B22D3C06}.Debug|x64.ActiveCfg = Debug|Any CPU
		{88B69A08-95E4-4F87-9600-5824B22D3C06}.Debug|x86.ActiveCfg = Debug|Any CPU
		{88B69A08-95E4-4F87-9600-5824B22D3C06}.Release|Any CPU.ActiveCfg = Release|Any CPU
		{88B69A08-95E4-4F87-9600-5824B22D3C06}.Release|Any CPU.Build.0 = Release|Any CPU
		{88B69A08-95E4-4F87-9600-5824B22D3C06}.Release|Mixed Platforms.ActiveCfg = Release|Any CPU
		{88B69A08-95E4-4F87-9600-5824B22D3C06}.Release|Mixed Platforms.Build.0 = Release|Any CPU
		{88B69A08-95E4-4F87-9600-5824B22D3C06}.Release|x64.ActiveCfg = Release|Any CPU
		{88B69A08-95E4-4F87-9600-5824B22D3C06}.Release|x86.ActiveCfg = Release|Any CPU
	EndGlobalSection
	GlobalSection(SolutionProperties) = preSolution
		HideSolutionNode = FALSE
	EndGlobalSection
	GlobalSection(NestedProjects) = preSolution
		{D52CD559-7F4F-418D-98E0-1D81C8B4DB9F} = {FE96F2D9-86BD-49E6-8201-51C93F159B9D}
		{94A987FC-9F2E-4A40-BAA9-07CFF5EE6870} = {FE96F2D9-86BD-49E6-8201-51C93F159B9D}
		{1791ADE4-BFD7-4DFB-8BE3-9EDBAEAE17E6} = {FE96F2D9-86BD-49E6-8201-51C93F159B9D}
		{86B62AB4-B730-4A69-8D8D-2DB9D8591D5C} = {FE96F2D9-86BD-49E6-8201-51C93F159B9D}
		{BD7EEBD7-E34E-45FE-A6C7-797A7C3E9B25} = {FE96F2D9-86BD-49E6-8201-51C93F159B9D}
		{841DB167-9A39-4A2E-B0CE-07B32E7A57C6} = {FE96F2D9-86BD-49E6-8201-51C93F159B9D}
		{E38DBDC4-F06E-45CD-961E-A97769577A74} = {FE96F2D9-86BD-49E6-8201-51C93F159B9D}
		{794383CF-0523-469F-82FC-0EDBE3F9FCD4} = {FE96F2D9-86BD-49E6-8201-51C93F159B9D}
		{820CA3C7-9F27-4912-93BB-C3BEEE9C6EF0} = {CA1701C3-73D2-4EDD-971B-6F8E6C5E6DEF}
		{B9624DC5-82DD-4802-8607-C663A1955E24} = {CA1701C3-73D2-4EDD-971B-6F8E6C5E6DEF}
		{82D5FA0C-8101-4E21-AB45-3E4E95FE25CB} = {CA1701C3-73D2-4EDD-971B-6F8E6C5E6DEF}
		{88B69A08-95E4-4F87-9600-5824B22D3C06} = {CA1701C3-73D2-4EDD-971B-6F8E6C5E6DEF}
	EndGlobalSection
EndGlobal
